
Microsoft Visual Studio Solution File, Format Version 12.00
# Visual Studio Version 17
VisualStudioVersion = 17.13.35825.156
MinimumVisualStudioVersion = 10.0.40219.1
Project("{FAE04EC0-301F-11D3-BF4B-00C04F79EFBC}") = "FolderSyncTool", "FolderSyncTool\FolderSyncTool.csproj", "{C58B1684-5B99-4F15-9472-476912A403C6}"
EndProject
Project("{FAE04EC0-301F-11D3-BF4B-00C04F79EFBC}") = "FolderSyncTests", "FolderSyncTests\FolderSyncTests.csproj", "{60C10B35-DEA4-4FCC-B1CB-23E15F16AC1D}"
EndProject
Global
	GlobalSection(SolutionConfigurationPlatforms) = preSolution
		Debug|Any CPU = Debug|Any CPU
		Release|Any CPU = Release|Any CPU
	EndGlobalSection
	GlobalSection(ProjectConfigurationPlatforms) = postSolution
		{C58B1684-5B99-4F15-9472-476912A403C6}.Debug|Any CPU.ActiveCfg = Debug|Any CPU
		{C58B1684-5B99-4F15-9472-476912A403C6}.Debug|Any CPU.Build.0 = Debug|Any CPU
		{C58B1684-5B99-4F15-9472-476912A403C6}.Release|Any CPU.ActiveCfg = Release|Any CPU
		{C58B1684-5B99-4F15-9472-476912A403C6}.Release|Any CPU.Build.0 = Release|Any CPU
		{60C10B35-DEA4-4FCC-B1CB-23E15F16AC1D}.Debug|Any CPU.ActiveCfg = Debug|Any CPU
		{60C10B35-DEA4-4FCC-B1CB-23E15F16AC1D}.Debug|Any CPU.Build.0 = Debug|Any CPU
		{60C10B35-DEA4-4FCC-B1CB-23E15F16AC1D}.Release|Any CPU.ActiveCfg = Release|Any CPU
		{60C10B35-DEA4-4FCC-B1CB-23E15F16AC1D}.Release|Any CPU.Build.0 = Release|Any CPU
	EndGlobalSection
	GlobalSection(SolutionProperties) = preSolution
		HideSolutionNode = FALSE
	EndGlobalSection
	GlobalSection(ExtensibilityGlobals) = postSolution
		SolutionGuid = {E65D49E3-CB7E-4DDC-8C5D-622567471000}
	EndGlobalSection
EndGlobal
